
Microsoft Visual Studio Solution File, Format Version 12.00
# Visual Studio Version 16
VisualStudioVersion = 16.0.32126.315
MinimumVisualStudioVersion = 10.0.40219.1
Project("{FAE04EC0-301F-11D3-BF4B-00C04F79EFBC}") = "Kinodnevnick", "Kinodnevnick\Kinodnevnick.csproj", "{C4EF5A16-39C3-4482-9B12-11B7BFBCFF57}"
EndProject
Project("{FAE04EC0-301F-11D3-BF4B-00C04F79EFBC}") = "Core", "Core\Core.csproj", "{211DE46C-E8C4-4E62-A8EC-BAB06252E627}"
EndProject
Project("{FAE04EC0-301F-11D3-BF4B-00C04F79EFBC}") = "KinodnevnickConsole", "KinodnevnickConsole\KinodnevnickConsole.csproj", "{AE0700C8-4459-4F32-ABAA-770C48E1B223}"
EndProject
Project("{9A19103F-16F7-4668-BE54-9A1E7A4F7556}") = "KinodnevnikApi", "KinodnevnikApi\KinodnevnikApi.csproj", "{5F820694-22B0-423F-A114-3C8B3BEBA2BD}"
	ProjectSection(ProjectDependencies) = postProject
		{211DE46C-E8C4-4E62-A8EC-BAB06252E627} = {211DE46C-E8C4-4E62-A8EC-BAB06252E627}
	EndProjectSection
EndProject
Global
	GlobalSection(SolutionConfigurationPlatforms) = preSolution
		Debug|Any CPU = Debug|Any CPU
		Release|Any CPU = Release|Any CPU
	EndGlobalSection
	GlobalSection(ProjectConfigurationPlatforms) = postSolution
		{C4EF5A16-39C3-4482-9B12-11B7BFBCFF57}.Debug|Any CPU.ActiveCfg = Debug|Any CPU
		{C4EF5A16-39C3-4482-9B12-11B7BFBCFF57}.Debug|Any CPU.Build.0 = Debug|Any CPU
		{C4EF5A16-39C3-4482-9B12-11B7BFBCFF57}.Release|Any CPU.ActiveCfg = Release|Any CPU
		{C4EF5A16-39C3-4482-9B12-11B7BFBCFF57}.Release|Any CPU.Build.0 = Release|Any CPU
		{211DE46C-E8C4-4E62-A8EC-BAB06252E627}.Debug|Any CPU.ActiveCfg = Debug|Any CPU
		{211DE46C-E8C4-4E62-A8EC-BAB06252E627}.Debug|Any CPU.Build.0 = Debug|Any CPU
		{211DE46C-E8C4-4E62-A8EC-BAB06252E627}.Release|Any CPU.ActiveCfg = Release|Any CPU
		{211DE46C-E8C4-4E62-A8EC-BAB06252E627}.Release|Any CPU.Build.0 = Release|Any CPU
		{AE0700C8-4459-4F32-ABAA-770C48E1B223}.Debug|Any CPU.ActiveCfg = Debug|Any CPU
		{AE0700C8-4459-4F32-ABAA-770C48E1B223}.Debug|Any CPU.Build.0 = Debug|Any CPU
		{AE0700C8-4459-4F32-ABAA-770C48E1B223}.Release|Any CPU.ActiveCfg = Release|Any CPU
		{AE0700C8-4459-4F32-ABAA-770C48E1B223}.Release|Any CPU.Build.0 = Release|Any CPU
		{5F820694-22B0-423F-A114-3C8B3BEBA2BD}.Debug|Any CPU.ActiveCfg = Debug|Any CPU
		{5F820694-22B0-423F-A114-3C8B3BEBA2BD}.Debug|Any CPU.Build.0 = Debug|Any CPU
		{5F820694-22B0-423F-A114-3C8B3BEBA2BD}.Release|Any CPU.ActiveCfg = Release|Any CPU
		{5F820694-22B0-423F-A114-3C8B3BEBA2BD}.Release|Any CPU.Build.0 = Release|Any CPU
	EndGlobalSection
	GlobalSection(SolutionProperties) = preSolution
		HideSolutionNode = FALSE
	EndGlobalSection
	GlobalSection(ExtensibilityGlobals) = postSolution
		SolutionGuid = {44248325-7BDD-4E1F-80B7-B78D6F6B41F1}
	EndGlobalSection
EndGlobal
